<?xml version="1.0" encoding="utf-8"?>
<Project ToolsVersion="4.0" xmlns="http://schemas.microsoft.com/developer/msbuild/2003">
  <ItemGroup>
    <Filter Include="Source Files">
      <UniqueIdentifier>{4FC737F1-C7A5-4376-A066-2A32D752A2FF}</UniqueIdentifier>
      <Extensions>cpp;c;cc;cxx;def;odl;idl;hpj;bat;asm;asmx</Extensions>
    </Filter>
    <Filter Include="Header Files">
      <UniqueIdentifier>{93995380-89BD-4b04-88EB-625FBE52EBFB}</UniqueIdentifier>
      <Extensions>h;hh;hpp;hxx;hm;inl;inc;xsd</Extensions>
    </Filter>
    <Filter Include="Resource Files">
      <UniqueIdentifier>{67DA6AB6-F800-4c08-8B7A-83BB121AAD01}</UniqueIdentifier>
      <Extensions>rc;ico;cur;bmp;dlg;rc2;rct;bin;rgs;gif;jpg;jpeg;jpe;resx;tiff;tif;png;wav</Extensions>
    </Filter>
  </ItemGroup>
  <ItemGroup>
    <ClCompile Include="src\client_session.cpp">
      <Filter>Source Files</Filter>
    </ClCompile>
    <ClCompile Include="src\configuration\emitter_configuration.cpp">
      <Filter>Source Files</Filter>
    </ClCompile>
    <ClCompile Include="src\configuration\network_configuration.cpp">
      <Filter>Source Files</Filter>
    </ClCompile>
    <ClCompile Include="src\configuration\session_configuration.cpp">
      <Filter>Source Files</Filter>
    </ClCompile>
    <ClCompile Include="src\cracked_url.cpp">
      <Filter>Source Files</Filter>
    </ClCompile>
    <ClCompile Include="src\emitter\emitter.cpp">
      <Filter>Source Files</Filter>
    </ClCompile>
    <ClCompile Include="src\emitter\retry_delay.cpp">
      <Filter>Source Files</Filter>
    </ClCompile>
    <ClCompile Include="src\http\http_client_windows.cpp">
      <Filter>Source Files</Filter>
    </ClCompile>
    <ClCompile Include="src\http\http_request_result.cpp">
      <Filter>Source Files</Filter>
    </ClCompile>
    <ClCompile Include="src\payload\payload.cpp">
      <Filter>Source Files</Filter>
    </ClCompile>
    <ClCompile Include="src\payload\event_payload.cpp">
      <Filter>Source Files</Filter>
    </ClCompile>
    <ClCompile Include="src\payload\self_describing_json.cpp">
      <Filter>Source Files</Filter>
    </ClCompile>
    <ClCompile Include="src\events\event.cpp">
      <Filter>Source Files</Filter>
    </ClCompile>
    <ClCompile Include="src\events\screen_view_event.cpp">
      <Filter>Source Files</Filter>
    </ClCompile>
    <ClCompile Include="src\events\self_describing_event.cpp">
      <Filter>Source Files</Filter>
    </ClCompile>
    <ClCompile Include="src\events\structured_event.cpp">
      <Filter>Source Files</Filter>
    </ClCompile>
    <ClCompile Include="src\events\timing_event.cpp">
      <Filter>Source Files</Filter>
    </ClCompile>
    <ClCompile Include="src\storage\sqlite_storage.cpp">
      <Filter>Source Files</Filter>
    </ClCompile>
    <ClCompile Include="src\subject.cpp">
      <Filter>Source Files</Filter>
    </ClCompile>
    <ClCompile Include="src\snowplow.cpp">
      <Filter>Source Files</Filter>
    </ClCompile>
    <ClCompile Include="src\tracker.cpp">
      <Filter>Source Files</Filter>
    </ClCompile>
    <ClCompile Include="src\utils.cpp">
      <Filter>Source Files</Filter>
    </ClCompile>
    <ClCompile Include="include\base64.cpp">
      <Filter>Source Files</Filter>
    </ClCompile>
    <ClCompile Include="include\sqlite3.c">
      <Filter>Source Files</Filter>
    </ClCompile>
    <ClCompile Include="test\http\test_http_client.cpp">
      <Filter>Source Files</Filter>
    </ClCompile>
    <ClCompile Include="test\client_session_test.cpp">
      <Filter>Source Files</Filter>
    </ClCompile>
    <ClCompile Include="test\configuration\emitter_configuration_test.cpp">
      <Filter>Source Files</Filter>
    </ClCompile>
    <ClCompile Include="test\configuration\network_configuration_test.cpp">
      <Filter>Source Files</Filter>
    </ClCompile>
    <ClCompile Include="test\cracked_url_test.cpp">
      <Filter>Source Files</Filter>
    </ClCompile>
    <ClCompile Include="test\emitter\emitter_test.cpp">
      <Filter>Source Files</Filter>
    </ClCompile>
    <ClCompile Include="test\emitter\retry_delay_test.cpp">
      <Filter>Source Files</Filter>
    </ClCompile>
    <ClCompile Include="test\http\http_client_test.cpp">
      <Filter>Source Files</Filter>
    </ClCompile>
    <ClCompile Include="test\http\http_request_result_test.cpp">
      <Filter>Source Files</Filter>
    </ClCompile>
    <ClCompile Include="test\main.cpp">
      <Filter>Source Files</Filter>
    </ClCompile>
    <ClCompile Include="test\payload\payload_test.cpp">
      <Filter>Source Files</Filter>
    </ClCompile>
    <ClCompile Include="test\payload\event_payload_test.cpp">
      <Filter>Source Files</Filter>
    </ClCompile>
    <ClCompile Include="test\payload\self_describing_json_test.cpp">
      <Filter>Source Files</Filter>
    </ClCompile>
    <ClCompile Include="test\storage\sqlite_storage_test.cpp">
      <Filter>Source Files</Filter>
    </ClCompile>
    <ClCompile Include="test\subject_test.cpp">
      <Filter>Source Files</Filter>
    </ClCompile>
    <ClCompile Include="test\snowplow_test.cpp">
      <Filter>Source Files</Filter>
    </ClCompile>
    <ClCompile Include="test\tracker_test.cpp">
      <Filter>Source Files</Filter>
    </ClCompile>
    <ClCompile Include="test\utils_test.cpp">
      <Filter>Source Files</Filter>
    </ClCompile>
  </ItemGroup>
  <ItemGroup>
    <ClInclude Include="src\client_session.hpp">
      <Filter>Header Files</Filter>
    </ClInclude>
    <ClInclude Include="src\configuration\emitter_configuration.hpp">
      <Filter>Header Files</Filter>
    </ClInclude>
    <ClInclude Include="src\configuration\network_configuration.hpp">
      <Filter>Header Files</Filter>
    </ClInclude>
    <ClInclude Include="src\configuration\session_configuration.hpp">
      <Filter>Header Files</Filter>
    </ClInclude>
    <ClInclude Include="src\configuration\tracker_configuration.hpp">
      <Filter>Header Files</Filter>
    </ClInclude>
    <ClInclude Include="src\constants.hpp">
      <Filter>Header Files</Filter>
    </ClInclude>
    <ClInclude Include="src\cracked_url.hpp">
      <Filter>Header Files</Filter>
    </ClInclude>
    <ClInclude Include="src\emitter\emitter.hpp">
      <Filter>Header Files</Filter>
    </ClInclude>
    <ClInclude Include="src\emitter\emit_status.hpp">
      <Filter>Header Files</Filter>
    </ClInclude>
    <ClInclude Include="src\emitter\retry_delay.hpp">
      <Filter>Header Files</Filter>
    </ClInclude>
    <ClInclude Include="src\http\http_client.hpp">
      <Filter>Header Files</Filter>
    </ClInclude>
    <ClInclude Include="src\http\http_enums.hpp">
      <Filter>Header Files</Filter>
    </ClInclude>
    <ClInclude Include="src\http\http_client_windows.hpp">
      <Filter>Header Files</Filter>
    </ClInclude>
    <ClInclude Include="src\http\http_request_result.hpp">
      <Filter>Header Files</Filter>
    </ClInclude>
    <ClInclude Include="src\payload\payload.hpp">
      <Filter>Header Files</Filter>
    </ClInclude>
    <ClInclude Include="src\payload\event_payload.hpp">
      <Filter>Header Files</Filter>
    </ClInclude>
    <ClInclude Include="src\payload\self_describing_json.hpp">
      <Filter>Header Files</Filter>
    </ClInclude>
    <ClInclude Include="src\events\event.hpp">
      <Filter>Source Files</Filter>
    </ClInclude>
    <ClInclude Include="src\events\screen_view_event.hpp">
      <Filter>Source Files</Filter>
    </ClInclude>
    <ClInclude Include="src\events\self_describing_event.hpp">
      <Filter>Source Files</Filter>
    </ClInclude>
    <ClInclude Include="src\events\structured_event.hpp">
      <Filter>Source Files</Filter>
    </ClInclude>
    <ClInclude Include="src\events\timing_event.hpp">
      <Filter>Source Files</Filter>
    </ClInclude>
    <ClInclude Include="src\storage\event_store.hpp">
      <Filter>Header Files</Filter>
    </ClInclude>
    <ClInclude Include="src\storage\session_store.hpp">
      <Filter>Header Files</Filter>
    </ClInclude>
    <ClInclude Include="src\storage\sqlite_storage.hpp">
      <Filter>Header Files</Filter>
    </ClInclude>
    <ClInclude Include="src\subject.hpp">
      <Filter>Header Files</Filter>
    </ClInclude>
    <ClInclude Include="src\tracker.hpp">
      <Filter>Header Files</Filter>
    </ClInclude>
    <ClInclude Include="src\utils.hpp">
      <Filter>Header Files</Filter>
    </ClInclude>
    <ClInclude Include="include\sqlite3.h">
      <Filter>Header Files</Filter>
    </ClInclude>
    <ClInclude Include="include\base64.hpp">
      <Filter>Header Files</Filter>
    </ClInclude>
    <ClInclude Include="include\json.hpp">
      <Filter>Header Files</Filter>
    </ClInclude>
    <clinclude include="test\catch.hpp">
      <filter>header files</filter>
    </clinclude>
    <clinclude include="test\http\test_http_client.hpp">
      <filter>header files</filter>
    </clinclude>
  </ItemGroup>
</Project>
